
Microsoft Visual Studio Solution File, Format Version 12.00
# Visual Studio 15
VisualStudioVersion = 15.0.27428.1
MinimumVisualStudioVersion = 10.0.40219.1
Project("{8BC9CEB8-8B4A-11D0-8D11-00A0C91BC942}") = "lab8", "lab8\lab8.vcxproj", "{BC26CC66-1FD4-422F-B1E5-AE7F487BEB6E}"
EndProject
Global
	GlobalSection(SolutionConfigurationPlatforms) = preSolution
		Debug|x64 = Debug|x64
		Debug|x86 = Debug|x86
		Release|x64 = Release|x64
		Release|x86 = Release|x86
	EndGlobalSection
	GlobalSection(ProjectConfigurationPlatforms) = postSolution
		{BC26CC66-1FD4-422F-B1E5-AE7F487BEB6E}.Debug|x64.ActiveCfg = Debug|x64
		{BC26CC66-1FD4-422F-B1E5-AE7F487BEB6E}.Debug|x64.Build.0 = Debug|x64
		{BC26CC66-1FD4-422F-B1E5-AE7F487BEB6E}.Debug|x86.ActiveCfg = Debug|Win32
		{BC26CC66-1FD4-422F-B1E5-AE7F487BEB6E}.Debug|x86.Build.0 = Debug|Win32
		{BC26CC66-1FD4-422F-B1E5-AE7F487BEB6E}.Release|x64.ActiveCfg = Release|x64
		{BC26CC66-1FD4-422F-B1E5-AE7F487BEB6E}.Release|x64.Build.0 = Release|x64
		{BC26CC66-1FD4-422F-B1E5-AE7F487BEB6E}.Release|x86.ActiveCfg = Release|Win32
		{BC26CC66-1FD4-422F-B1E5-AE7F487BEB6E}.Release|x86.Build.0 = Release|Win32
	EndGlobalSection
	GlobalSection(SolutionProperties) = preSolution
		HideSolutionNode = FALSE
	EndGlobalSection
	GlobalSection(ExtensibilityGlobals) = postSolution
		SolutionGuid = {58571EC5-BAB3-47E0-B906-C61267CB4DD6}
	EndGlobalSection
EndGlobal
